
Microsoft Visual Studio Solution File, Format Version 12.00
# Visual Studio Version 17
VisualStudioVersion = 17.4.33122.133
MinimumVisualStudioVersion = 10.0.40219.1
Project("{FAE04EC0-301F-11D3-BF4B-00C04F79EFBC}") = "G23W1202WPFControls", "G23W1202WPFControls\G23W1202WPFControls.csproj", "{B9E37D82-70BD-473F-9F46-9486FCC353CB}"
EndProject
Global
	GlobalSection(SolutionConfigurationPlatforms) = preSolution
		Debug|Any CPU = Debug|Any CPU
		Release|Any CPU = Release|Any CPU
	EndGlobalSection
	GlobalSection(ProjectConfigurationPlatforms) = postSolution
		{B9E37D82-70BD-473F-9F46-9486FCC353CB}.Debug|Any CPU.ActiveCfg = Debug|Any CPU
		{B9E37D82-70BD-473F-9F46-9486FCC353CB}.Debug|Any CPU.Build.0 = Debug|Any CPU
		{B9E37D82-70BD-473F-9F46-9486FCC353CB}.Release|Any CPU.ActiveCfg = Release|Any CPU
		{B9E37D82-70BD-473F-9F46-9486FCC353CB}.Release|Any CPU.Build.0 = Release|Any CPU
	EndGlobalSection
	GlobalSection(SolutionProperties) = preSolution
		HideSolutionNode = FALSE
	EndGlobalSection
	GlobalSection(ExtensibilityGlobals) = postSolution
		SolutionGuid = {BBAA4417-3D70-46C4-856D-E937A62F1701}
	EndGlobalSection
EndGlobal
